PODS:
  - GONMarkupParser (0.9.0):
    - "NSString+Color"
  - "NSString+Color (1.1.4)"

DEPENDENCIES:
  - GONMarkupParser (from `../`)

SPEC REPOS:
  trunk:
    - "NSString+Color"

EXTERNAL SOURCES:
  GONMarkupParser:
    :path: "../"

SPEC CHECKSUMS:
  GONMarkupParser: 7fdd1cfde6607c1685dcbefe280aad48351d99af
  "NSString+Color": ea9e33d498d634adf56766c606c9128822094473

PODFILE CHECKSUM: 5d1d102df081ebec0dd2772da6b71fb9ebdaec9d

COCOAPODS: 1.8.4
