// !$*UTF8*$!
{
	archiveVersion = 1;
	classes = {
	};
	objectVersion = 46;
	objects = {

/* Begin PBXBuildFile section */
		5C404BCC1A1C9115007DCB2C /* DefaultConfigurationViewController.m in Sources */ = {isa = PBXBuildFile; fileRef = 5C404BCB1A1C9115007DCB2C /* DefaultConfigurationViewController.m */; };
		5C404BD01A1C951F007DCB2C /* DefaultConfigurationViewController.xib in Resources */ = {isa = PBXBuildFile; fileRef = 5C404BCF1A1C951F007DCB2C /* DefaultConfigurationViewController.xib */; };
		5C4241B91C89995A00E5B289 /* lama.png in Resources */ = {isa = PBXBuildFile; fileRef = 5C4241B81C89995A00E5B289 /* lama.png */; };
		5C65F3F11A112231005A76A3 /* samples.plist in Resources */ = {isa = PBXBuildFile; fileRef = 5C65F3F01A112231005A76A3 /* samples.plist */; };
		5C65F3F31A112EBE005A76A3 /* MainWindow.xib in Resources */ = {isa = PBXBuildFile; fileRef = 5C65F3F21A112EBE005A76A3 /* MainWindow.xib */; };
		5C65F3F81A112F3A005A76A3 /* RootViewController.m in Sources */ = {isa = PBXBuildFile; fileRef = 5C65F3F61A112F3A005A76A3 /* RootViewController.m */; };
		5C65F3F91A112F3A005A76A3 /* RootViewController.xib in Resources */ = {isa = PBXBuildFile; fileRef = 5C65F3F71A112F3A005A76A3 /* RootViewController.xib */; };
		5C65F3FE1A1133F8005A76A3 /* SampleViewController.m in Sources */ = {isa = PBXBuildFile; fileRef = 5C65F3FC1A1133F8005A76A3 /* SampleViewController.m */; };
		5C65F3FF1A1133F8005A76A3 /* SampleViewController.xib in Resources */ = {isa = PBXBuildFile; fileRef = 5C65F3FD1A1133F8005A76A3 /* SampleViewController.xib */; };
		5C65F4041A1139CD005A76A3 /* PlaygroundViewController.m in Sources */ = {isa = PBXBuildFile; fileRef = 5C65F4021A1139CD005A76A3 /* PlaygroundViewController.m */; };
		5C65F4051A1139CD005A76A3 /* PlaygroundViewController.xib in Resources */ = {isa = PBXBuildFile; fileRef = 5C65F4031A1139CD005A76A3 /* PlaygroundViewController.xib */; };
		5C65F4071A1153A2005A76A3 /* ResultViewController.xib in Resources */ = {isa = PBXBuildFile; fileRef = 5C65F4061A1153A2005A76A3 /* ResultViewController.xib */; };
		5C65F40B1A11FDB2005A76A3 /* ComplexExampleViewController.m in Sources */ = {isa = PBXBuildFile; fileRef = 5C65F40A1A11FDB2005A76A3 /* ComplexExampleViewController.m */; };
		5C65F40D1A11FFFE005A76A3 /* ComplexExampleViewController.xib in Resources */ = {isa = PBXBuildFile; fileRef = 5C65F40C1A11FFFE005A76A3 /* ComplexExampleViewController.xib */; };
		5CB1C580195B19C400590186 /* ResultViewController.m in Sources */ = {isa = PBXBuildFile; fileRef = 5CB1C57F195B19C400590186 /* ResultViewController.m */; };
		5CB1C591195B250A00590186 /* AppDelegate.m in Sources */ = {isa = PBXBuildFile; fileRef = 5CE27160195B11E0007FCF44 /* AppDelegate.m */; };
		5CB1C593195B250A00590186 /* ResultViewController.m in Sources */ = {isa = PBXBuildFile; fileRef = 5CB1C57F195B19C400590186 /* ResultViewController.m */; };
		5CB1C594195B250A00590186 /* main.m in Sources */ = {isa = PBXBuildFile; fileRef = 5CE2715C195B11E0007FCF44 /* main.m */; };
		5CB1C5A8195B3B7400590186 /* ComplexExample in Resources */ = {isa = PBXBuildFile; fileRef = 5CB1C5A7195B3B7400590186 /* ComplexExample */; };
		5CB1C5A9195B3B7400590186 /* ComplexExample in Resources */ = {isa = PBXBuildFile; fileRef = 5CB1C5A7195B3B7400590186 /* ComplexExample */; };
		5CD617E919828B2E0001C3D9 /* CoreText.framework in Frameworks */ = {isa = PBXBuildFile; fileRef = 5CD617E819828B2E0001C3D9 /* CoreText.framework */; };
		5CE27153195B11E0007FCF44 /* CoreGraphics.framework in Frameworks */ = {isa = PBXBuildFile; fileRef = 5CE27152195B11E0007FCF44 /* CoreGraphics.framework */; };
		5CE2715B195B11E0007FCF44 /* InfoPlist.strings in Resources */ = {isa = PBXBuildFile; fileRef = 5CE27159195B11E0007FCF44 /* InfoPlist.strings */; };
		5CE2715D195B11E0007FCF44 /* main.m in Sources */ = {isa = PBXBuildFile; fileRef = 5CE2715C195B11E0007FCF44 /* main.m */; };
		5CE27161195B11E0007FCF44 /* AppDelegate.m in Sources */ = {isa = PBXBuildFile; fileRef = 5CE27160195B11E0007FCF44 /* AppDelegate.m */; };
		5CE27169195B11E0007FCF44 /* Images.xcassets in Resources */ = {isa = PBXBuildFile; fileRef = 5CE27168195B11E0007FCF44 /* Images.xcassets */; };
		5CE27170195B11E0007FCF44 /* XCTest.framework in Frameworks */ = {isa = PBXBuildFile; fileRef = 5CE2716F195B11E0007FCF44 /* XCTest.framework */; };
		5CE27171195B11E0007FCF44 /* Foundation.framework in Frameworks */ = {isa = PBXBuildFile; fileRef = 5CE27150195B11E0007FCF44 /* Foundation.framework */; };
		5CE27172195B11E0007FCF44 /* UIKit.framework in Frameworks */ = {isa = PBXBuildFile; fileRef = 5CE27154195B11E0007FCF44 /* UIKit.framework */; };
		5CE2717A195B11E0007FCF44 /* InfoPlist.strings in Resources */ = {isa = PBXBuildFile; fileRef = 5CE27178195B11E0007FCF44 /* InfoPlist.strings */; };
		5CE2717C195B11E0007FCF44 /* GONMarkupParserSampleTests.m in Sources */ = {isa = PBXBuildFile; fileRef = 5CE2717B195B11E0007FCF44 /* GONMarkupParserSampleTests.m */; };
		9DBEAD054D67E0F0001FC3D9 /* Pods_GONMarkupParserSample.framework in Frameworks */ = {isa = PBXBuildFile; fileRef = D261BDB9A07F18541910B923 /* Pods_GONMarkupParserSample.framework */; };
/* End PBXBuildFile section */

/* Begin PBXContainerItemProxy section */
		5CE27173195B11E0007FCF44 /* PBXContainerItemProxy */ = {
			isa = PBXContainerItemProxy;
			containerPortal = 5CE27145195B11E0007FCF44 /* Project object */;
			proxyType = 1;
			remoteGlobalIDString = 5CE2714C195B11E0007FCF44;
			remoteInfo = GONMarkupParserSample;
		};
/* End PBXContainerItemProxy section */

/* Begin PBXFileReference section */
		3D08B2B80A87935CF16E697B /* Pods-GONMarkupParserSample.debug.xcconfig */ = {isa = PBXFileReference; includeInIndex = 1; lastKnownFileType = text.xcconfig; name = "Pods-GONMarkupParserSample.debug.xcconfig"; path = "Pods/Target Support Files/Pods-GONMarkupParserSample/Pods-GONMarkupParserSample.debug.xcconfig"; sourceTree = "<group>"; };
		5C2E11E51B8A175F0065D29C /* CHANGELOG.md */ = {isa = PBXFileReference; lastKnownFileType = net.daringfireball.markdown; name = CHANGELOG.md; path = ../CHANGELOG.md; sourceTree = "<group>"; };
		5C404BCA1A1C9115007DCB2C /* DefaultConfigurationViewController.h */ = {isa = PBXFileReference; fileEncoding = 4; lastKnownFileType = sourcecode.c.h; path = DefaultConfigurationViewController.h; sourceTree = "<group>"; };
		5C404BCB1A1C9115007DCB2C /* DefaultConfigurationViewController.m */ = {isa = PBXFileReference; fileEncoding = 4; lastKnownFileType = sourcecode.c.objc; path = DefaultConfigurationViewController.m; sourceTree = "<group>"; };
		5C404BCF1A1C951F007DCB2C /* DefaultConfigurationViewController.xib */ = {isa = PBXFileReference; fileEncoding = 4; lastKnownFileType = file.xib; path = DefaultConfigurationViewController.xib; sourceTree = "<group>"; };
		5C4241B81C89995A00E5B289 /* lama.png */ = {isa = PBXFileReference; lastKnownFileType = image.png; path = lama.png; sourceTree = "<group>"; };
		5C65F3F01A112231005A76A3 /* samples.plist */ = {isa = PBXFileReference; fileEncoding = 4; lastKnownFileType = text.plist.xml; path = samples.plist; sourceTree = "<group>"; };
		5C65F3F21A112EBE005A76A3 /* MainWindow.xib */ = {isa = PBXFileReference; fileEncoding = 4; lastKnownFileType = file.xib; path = MainWindow.xib; sourceTree = "<group>"; };
		5C65F3F51A112F3A005A76A3 /* RootViewController.h */ = {isa = PBXFileReference; fileEncoding = 4; lastKnownFileType = sourcecode.c.h; path = RootViewController.h; sourceTree = "<group>"; };
		5C65F3F61A112F3A005A76A3 /* RootViewController.m */ = {isa = PBXFileReference; fileEncoding = 4; lastKnownFileType = sourcecode.c.objc; path = RootViewController.m; sourceTree = "<group>"; };
		5C65F3F71A112F3A005A76A3 /* RootViewController.xib */ = {isa = PBXFileReference; fileEncoding = 4; lastKnownFileType = file.xib; path = RootViewController.xib; sourceTree = "<group>"; };
		5C65F3FB1A1133F8005A76A3 /* SampleViewController.h */ = {isa = PBXFileReference; fileEncoding = 4; lastKnownFileType = sourcecode.c.h; path = SampleViewController.h; sourceTree = "<group>"; };
		5C65F3FC1A1133F8005A76A3 /* SampleViewController.m */ = {isa = PBXFileReference; fileEncoding = 4; lastKnownFileType = sourcecode.c.objc; path = SampleViewController.m; sourceTree = "<group>"; };
		5C65F3FD1A1133F8005A76A3 /* SampleViewController.xib */ = {isa = PBXFileReference; fileEncoding = 4; lastKnownFileType = file.xib; path = SampleViewController.xib; sourceTree = "<group>"; };
		5C65F4011A1139CD005A76A3 /* PlaygroundViewController.h */ = {isa = PBXFileReference; fileEncoding = 4; lastKnownFileType = sourcecode.c.h; path = PlaygroundViewController.h; sourceTree = "<group>"; };
		5C65F4021A1139CD005A76A3 /* PlaygroundViewController.m */ = {isa = PBXFileReference; fileEncoding = 4; lastKnownFileType = sourcecode.c.objc; path = PlaygroundViewController.m; sourceTree = "<group>"; };
		5C65F4031A1139CD005A76A3 /* PlaygroundViewController.xib */ = {isa = PBXFileReference; fileEncoding = 4; lastKnownFileType = file.xib; path = PlaygroundViewController.xib; sourceTree = "<group>"; };
		5C65F4061A1153A2005A76A3 /* ResultViewController.xib */ = {isa = PBXFileReference; fileEncoding = 4; lastKnownFileType = file.xib; path = ResultViewController.xib; sourceTree = "<group>"; };
		5C65F4091A11FDB2005A76A3 /* ComplexExampleViewController.h */ = {isa = PBXFileReference; fileEncoding = 4; lastKnownFileType = sourcecode.c.h; path = ComplexExampleViewController.h; sourceTree = "<group>"; };
		5C65F40A1A11FDB2005A76A3 /* ComplexExampleViewController.m */ = {isa = PBXFileReference; fileEncoding = 4; lastKnownFileType = sourcecode.c.objc; path = ComplexExampleViewController.m; sourceTree = "<group>"; };
		5C65F40C1A11FFFE005A76A3 /* ComplexExampleViewController.xib */ = {isa = PBXFileReference; fileEncoding = 4; lastKnownFileType = file.xib; path = ComplexExampleViewController.xib; sourceTree = "<group>"; };
		5CB1C57E195B19C400590186 /* ResultViewController.h */ = {isa = PBXFileReference; fileEncoding = 4; lastKnownFileType = sourcecode.c.h; path = ResultViewController.h; sourceTree = "<group>"; };
		5CB1C57F195B19C400590186 /* ResultViewController.m */ = {isa = PBXFileReference; fileEncoding = 4; lastKnownFileType = sourcecode.c.objc; path = ResultViewController.m; sourceTree = "<group>"; };
		5CB1C5A7195B3B7400590186 /* ComplexExample */ = {isa = PBXFileReference; fileEncoding = 4; lastKnownFileType = text; path = ComplexExample; sourceTree = "<group>"; };
		5CBDC0A0195C334D007279A0 /* README.md */ = {isa = PBXFileReference; lastKnownFileType = text; name = README.md; path = ../README.md; sourceTree = "<group>"; };
		5CBDC0A1195C3356007279A0 /* GONMarkupParser.podspec */ = {isa = PBXFileReference; lastKnownFileType = text; name = GONMarkupParser.podspec; path = ../GONMarkupParser.podspec; sourceTree = "<group>"; };
		5CD617E819828B2E0001C3D9 /* CoreText.framework */ = {isa = PBXFileReference; lastKnownFileType = wrapper.framework; name = CoreText.framework; path = System/Library/Frameworks/CoreText.framework; sourceTree = SDKROOT; };
		5CE2714D195B11E0007FCF44 /* GONMarkupParserSample.app */ = {isa = PBXFileReference; explicitFileType = wrapper.application; includeInIndex = 0; path = GONMarkupParserSample.app; sourceTree = BUILT_PRODUCTS_DIR; };
		5CE27150195B11E0007FCF44 /* Foundation.framework */ = {isa = PBXFileReference; lastKnownFileType = wrapper.framework; name = Foundation.framework; path = System/Library/Frameworks/Foundation.framework; sourceTree = SDKROOT; };
		5CE27152195B11E0007FCF44 /* CoreGraphics.framework */ = {isa = PBXFileReference; lastKnownFileType = wrapper.framework; name = CoreGraphics.framework; path = System/Library/Frameworks/CoreGraphics.framework; sourceTree = SDKROOT; };
		5CE27154195B11E0007FCF44 /* UIKit.framework */ = {isa = PBXFileReference; lastKnownFileType = wrapper.framework; name = UIKit.framework; path = System/Library/Frameworks/UIKit.framework; sourceTree = SDKROOT; };
		5CE27158195B11E0007FCF44 /* GONMarkupParserSample-Info.plist */ = {isa = PBXFileReference; lastKnownFileType = text.plist.xml; path = "GONMarkupParserSample-Info.plist"; sourceTree = "<group>"; };
		5CE2715A195B11E0007FCF44 /* en */ = {isa = PBXFileReference; lastKnownFileType = text.plist.strings; name = en; path = en.lproj/InfoPlist.strings; sourceTree = "<group>"; };
		5CE2715C195B11E0007FCF44 /* main.m */ = {isa = PBXFileReference; lastKnownFileType = sourcecode.c.objc; path = main.m; sourceTree = "<group>"; };
		5CE2715E195B11E0007FCF44 /* GONMarkupParserSample-Prefix.pch */ = {isa = PBXFileReference; lastKnownFileType = sourcecode.c.h; path = "GONMarkupParserSample-Prefix.pch"; sourceTree = "<group>"; };
		5CE2715F195B11E0007FCF44 /* AppDelegate.h */ = {isa = PBXFileReference; lastKnownFileType = sourcecode.c.h; path = AppDelegate.h; sourceTree = "<group>"; };
		5CE27160195B11E0007FCF44 /* AppDelegate.m */ = {isa = PBXFileReference; lastKnownFileType = sourcecode.c.objc; path = AppDelegate.m; sourceTree = "<group>"; };
		5CE27168195B11E0007FCF44 /* Images.xcassets */ = {isa = PBXFileReference; lastKnownFileType = folder.assetcatalog; path = Images.xcassets; sourceTree = "<group>"; };
		5CE2716E195B11E0007FCF44 /* GONMarkupParserSampleTests.xctest */ = {isa = PBXFileReference; explicitFileType = wrapper.cfbundle; includeInIndex = 0; path = GONMarkupParserSampleTests.xctest; sourceTree = BUILT_PRODUCTS_DIR; };
		5CE2716F195B11E0007FCF44 /* XCTest.framework */ = {isa = PBXFileReference; lastKnownFileType = wrapper.framework; name = XCTest.framework; path = Library/Frameworks/XCTest.framework; sourceTree = DEVELOPER_DIR; };
		5CE27177195B11E0007FCF44 /* GONMarkupParserSampleTests-Info.plist */ = {isa = PBXFileReference; lastKnownFileType = text.plist.xml; path = "GONMarkupParserSampleTests-Info.plist"; sourceTree = "<group>"; };
		5CE27179195B11E0007FCF44 /* en */ = {isa = PBXFileReference; lastKnownFileType = text.plist.strings; name = en; path = en.lproj/InfoPlist.strings; sourceTree = "<group>"; };
		5CE2717B195B11E0007FCF44 /* GONMarkupParserSampleTests.m */ = {isa = PBXFileReference; lastKnownFileType = sourcecode.c.objc; path = GONMarkupParserSampleTests.m; sourceTree = "<group>"; };
		5CE2718A195B12E6007FCF44 /* PodFile */ = {isa = PBXFileReference; fileEncoding = 4; lastKnownFileType = text; name = PodFile; path = ../PodFile; sourceTree = "<group>"; xcLanguageSpecificationIdentifier = xcode.lang.ruby; };
		5F22B7317D972553BD1D90B0 /* Pods-GONMarkupParserSample.release.xcconfig */ = {isa = PBXFileReference; includeInIndex = 1; lastKnownFileType = text.xcconfig; name = "Pods-GONMarkupParserSample.release.xcconfig"; path = "Pods/Target Support Files/Pods-GONMarkupParserSample/Pods-GONMarkupParserSample.release.xcconfig"; sourceTree = "<group>"; };
		A11B08D3B67C671A7C1F41EB /* Pods-defaults-GONMarkupParserSample.debug.xcconfig */ = {isa = PBXFileReference; includeInIndex = 1; lastKnownFileType = text.xcconfig; name = "Pods-defaults-GONMarkupParserSample.debug.xcconfig"; path = "Pods/Target Support Files/Pods-defaults-GONMarkupParserSample/Pods-defaults-GONMarkupParserSample.debug.xcconfig"; sourceTree = "<group>"; };
		CB19407DB2362C93C6FF1BC5 /* Pods-defaults-GONMarkupParserSample.release.xcconfig */ = {isa = PBXFileReference; includeInIndex = 1; lastKnownFileType = text.xcconfig; name = "Pods-defaults-GONMarkupParserSample.release.xcconfig"; path = "Pods/Target Support Files/Pods-defaults-GONMarkupParserSample/Pods-defaults-GONMarkupParserSample.release.xcconfig"; sourceTree = "<group>"; };
		D261BDB9A07F18541910B923 /* Pods_GONMarkupParserSample.framework */ = {isa = PBXFileReference; explicitFileType = wrapper.framework; includeInIndex = 0; path = Pods_GONMarkupParserSample.framework; sourceTree = BUILT_PRODUCTS_DIR; };
/* End PBXFileReference section */

/* Begin PBXFrameworksBuildPhase section */
		5CE2714A195B11E0007FCF44 /* Frameworks */ = {
			isa = PBXFrameworksBuildPhase;
			buildActionMask = 2147483647;
			files = (
				5CD617E919828B2E0001C3D9 /* CoreText.framework in Frameworks */,
				5CE27153195B11E0007FCF44 /* CoreGraphics.framework in Frameworks */,
				9DBEAD054D67E0F0001FC3D9 /* Pods_GONMarkupParserSample.framework in Frameworks */,
			);
			runOnlyForDeploymentPostprocessing = 0;
		};
		5CE2716B195B11E0007FCF44 /* Frameworks */ = {
			isa = PBXFrameworksBuildPhase;
			buildActionMask = 2147483647;
			files = (
				5CE27170195B11E0007FCF44 /* XCTest.framework in Frameworks */,
				5CE27172195B11E0007FCF44 /* UIKit.framework in Frameworks */,
				5CE27171195B11E0007FCF44 /* Foundation.framework in Frameworks */,
			);
			runOnlyForDeploymentPostprocessing = 0;
		};
/* End PBXFrameworksBuildPhase section */

/* Begin PBXGroup section */
		2686016DECE5E515511864F6 /* Pods */ = {
			isa = PBXGroup;
			children = (
				A11B08D3B67C671A7C1F41EB /* Pods-defaults-GONMarkupParserSample.debug.xcconfig */,
				CB19407DB2362C93C6FF1BC5 /* Pods-defaults-GONMarkupParserSample.release.xcconfig */,
				3D08B2B80A87935CF16E697B /* Pods-GONMarkupParserSample.debug.xcconfig */,
				5F22B7317D972553BD1D90B0 /* Pods-GONMarkupParserSample.release.xcconfig */,
			);
			name = Pods;
			sourceTree = "<group>";
		};
		5C404BC91A1C90E0007DCB2C /* DefaultConfiguration */ = {
			isa = PBXGroup;
			children = (
				5C404BCA1A1C9115007DCB2C /* DefaultConfigurationViewController.h */,
				5C404BCB1A1C9115007DCB2C /* DefaultConfigurationViewController.m */,
				5C404BCF1A1C951F007DCB2C /* DefaultConfigurationViewController.xib */,
			);
			name = DefaultConfiguration;
			sourceTree = "<group>";
		};
		5C65F3F41A112F1E005A76A3 /* Root */ = {
			isa = PBXGroup;
			children = (
				5C65F3F51A112F3A005A76A3 /* RootViewController.h */,
				5C65F3F61A112F3A005A76A3 /* RootViewController.m */,
				5C65F3F71A112F3A005A76A3 /* RootViewController.xib */,
			);
			name = Root;
			sourceTree = "<group>";
		};
		5C65F3FA1A1133E6005A76A3 /* Sample */ = {
			isa = PBXGroup;
			children = (
				5C65F3FB1A1133F8005A76A3 /* SampleViewController.h */,
				5C65F3FC1A1133F8005A76A3 /* SampleViewController.m */,
				5C65F3FD1A1133F8005A76A3 /* SampleViewController.xib */,
			);
			name = Sample;
			sourceTree = "<group>";
		};
		5C65F4001A1139B5005A76A3 /* Playground */ = {
			isa = PBXGroup;
			children = (
				5C65F4011A1139CD005A76A3 /* PlaygroundViewController.h */,
				5C65F4021A1139CD005A76A3 /* PlaygroundViewController.m */,
				5C65F4031A1139CD005A76A3 /* PlaygroundViewController.xib */,
			);
			name = Playground;
			sourceTree = "<group>";
		};
		5C65F4081A11FD87005A76A3 /* ComplexExample */ = {
			isa = PBXGroup;
			children = (
				5C65F4091A11FDB2005A76A3 /* ComplexExampleViewController.h */,
				5C65F40A1A11FDB2005A76A3 /* ComplexExampleViewController.m */,
				5C65F40C1A11FFFE005A76A3 /* ComplexExampleViewController.xib */,
			);
			name = ComplexExample;
			sourceTree = "<group>";
		};
		5CB1C581195B19C800590186 /* Result */ = {
			isa = PBXGroup;
			children = (
				5CB1C57E195B19C400590186 /* ResultViewController.h */,
				5CB1C57F195B19C400590186 /* ResultViewController.m */,
				5C65F4061A1153A2005A76A3 /* ResultViewController.xib */,
			);
			name = Result;
			sourceTree = "<group>";
		};
		5CE27144195B11E0007FCF44 = {
			isa = PBXGroup;
			children = (
				5C2E11E51B8A175F0065D29C /* CHANGELOG.md */,
				5CBDC0A0195C334D007279A0 /* README.md */,
				5CBDC0A1195C3356007279A0 /* GONMarkupParser.podspec */,
				5CE27156195B11E0007FCF44 /* GONMarkupParserSample */,
				5CE27175195B11E0007FCF44 /* GONMarkupParserSampleTests */,
				5CE2714F195B11E0007FCF44 /* Frameworks */,
				5CE2714E195B11E0007FCF44 /* Products */,
				2686016DECE5E515511864F6 /* Pods */,
			);
			sourceTree = "<group>";
		};
		5CE2714E195B11E0007FCF44 /* Products */ = {
			isa = PBXGroup;
			children = (
				5CE2714D195B11E0007FCF44 /* GONMarkupParserSample.app */,
				5CE2716E195B11E0007FCF44 /* GONMarkupParserSampleTests.xctest */,
			);
			name = Products;
			sourceTree = "<group>";
		};
		5CE2714F195B11E0007FCF44 /* Frameworks */ = {
			isa = PBXGroup;
			children = (
				5CD617E819828B2E0001C3D9 /* CoreText.framework */,
				5CE27150195B11E0007FCF44 /* Foundation.framework */,
				5CE27152195B11E0007FCF44 /* CoreGraphics.framework */,
				5CE27154195B11E0007FCF44 /* UIKit.framework */,
				5CE2716F195B11E0007FCF44 /* XCTest.framework */,
				D261BDB9A07F18541910B923 /* Pods_GONMarkupParserSample.framework */,
			);
			name = Frameworks;
			sourceTree = "<group>";
		};
		5CE27156195B11E0007FCF44 /* GONMarkupParserSample */ = {
			isa = PBXGroup;
			children = (
				5CE27186195B123A007FCF44 /* Classes */,
				5CE27187195B1241007FCF44 /* Resources */,
				5CE27157195B11E0007FCF44 /* Supporting Files */,
			);
			path = GONMarkupParserSample;
			sourceTree = "<group>";
		};
		5CE27157195B11E0007FCF44 /* Supporting Files */ = {
			isa = PBXGroup;
			children = (
				5CE27158195B11E0007FCF44 /* GONMarkupParserSample-Info.plist */,
				5CE27159195B11E0007FCF44 /* InfoPlist.strings */,
				5CE2715C195B11E0007FCF44 /* main.m */,
				5CE2715E195B11E0007FCF44 /* GONMarkupParserSample-Prefix.pch */,
				5C65F3F21A112EBE005A76A3 /* MainWindow.xib */,
			);
			name = "Supporting Files";
			sourceTree = "<group>";
		};
		5CE27175195B11E0007FCF44 /* GONMarkupParserSampleTests */ = {
			isa = PBXGroup;
			children = (
				5CE2717B195B11E0007FCF44 /* GONMarkupParserSampleTests.m */,
				5CE27176195B11E0007FCF44 /* Supporting Files */,
			);
			path = GONMarkupParserSampleTests;
			sourceTree = "<group>";
		};
		5CE27176195B11E0007FCF44 /* Supporting Files */ = {
			isa = PBXGroup;
			children = (
				5CE27177195B11E0007FCF44 /* GONMarkupParserSampleTests-Info.plist */,
				5CE27178195B11E0007FCF44 /* InfoPlist.strings */,
			);
			name = "Supporting Files";
			sourceTree = "<group>";
		};
		5CE27186195B123A007FCF44 /* Classes */ = {
			isa = PBXGroup;
			children = (
				5CE2715F195B11E0007FCF44 /* AppDelegate.h */,
				5CE27160195B11E0007FCF44 /* AppDelegate.m */,
				5CE27188195B126A007FCF44 /* ViewControllers */,
			);
			name = Classes;
			sourceTree = "<group>";
		};
		5CE27187195B1241007FCF44 /* Resources */ = {
			isa = PBXGroup;
			children = (
				5C4241B81C89995A00E5B289 /* lama.png */,
				5CE27168195B11E0007FCF44 /* Images.xcassets */,
				5CE2718A195B12E6007FCF44 /* PodFile */,
				5C65F3F01A112231005A76A3 /* samples.plist */,
				5CB1C5A7195B3B7400590186 /* ComplexExample */,
			);
			name = Resources;
			sourceTree = "<group>";
		};
		5CE27188195B126A007FCF44 /* ViewControllers */ = {
			isa = PBXGroup;
			children = (
				5C65F4081A11FD87005A76A3 /* ComplexExample */,
				5C404BC91A1C90E0007DCB2C /* DefaultConfiguration */,
				5C65F4001A1139B5005A76A3 /* Playground */,
				5CB1C581195B19C800590186 /* Result */,
				5C65F3F41A112F1E005A76A3 /* Root */,
				5C65F3FA1A1133E6005A76A3 /* Sample */,
			);
			name = ViewControllers;
			sourceTree = "<group>";
		};
/* End PBXGroup section */

/* Begin PBXNativeTarget section */
		5CE2714C195B11E0007FCF44 /* GONMarkupParserSample */ = {
			isa = PBXNativeTarget;
			buildConfigurationList = 5CE2717F195B11E0007FCF44 /* Build configuration list for PBXNativeTarget "GONMarkupParserSample" */;
			buildPhases = (
				F5CFB22B9E5CC0864471E289 /* [CP] Check Pods Manifest.lock */,
				5CE27149195B11E0007FCF44 /* Sources */,
				5CE2714A195B11E0007FCF44 /* Frameworks */,
				5CE2714B195B11E0007FCF44 /* Resources */,
				B83830F31A3AB66BEEB9D78B /* [CP] Embed Pods Frameworks */,
			);
			buildRules = (
			);
			dependencies = (
			);
			name = GONMarkupParserSample;
			productName = GONMarkupParserSample;
			productReference = 5CE2714D195B11E0007FCF44 /* GONMarkupParserSample.app */;
			productType = "com.apple.product-type.application";
		};
		5CE2716D195B11E0007FCF44 /* GONMarkupParserSampleTests */ = {
			isa = PBXNativeTarget;
			buildConfigurationList = 5CE27182195B11E0007FCF44 /* Build configuration list for PBXNativeTarget "GONMarkupParserSampleTests" */;
			buildPhases = (
				5CE2716A195B11E0007FCF44 /* Sources */,
				5CE2716B195B11E0007FCF44 /* Frameworks */,
				5CE2716C195B11E0007FCF44 /* Resources */,
			);
			buildRules = (
			);
			dependencies = (
				5CE27174195B11E0007FCF44 /* PBXTargetDependency */,
			);
			name = GONMarkupParserSampleTests;
			productName = GONMarkupParserSampleTests;
			productReference = 5CE2716E195B11E0007FCF44 /* GONMarkupParserSampleTests.xctest */;
			productType = "com.apple.product-type.bundle.unit-test";
		};
/* End PBXNativeTarget section */

/* Begin PBXProject section */
		5CE27145195B11E0007FCF44 /* Project object */ = {
			isa = PBXProject;
			attributes = {
				LastUpgradeCheck = 0730;
				ORGANIZATIONNAME = "Nicolas Goutaland";
				TargetAttributes = {
					5CE2716D195B11E0007FCF44 = {
						TestTargetID = 5CE2714C195B11E0007FCF44;
					};
				};
			};
			buildConfigurationList = 5CE27148195B11E0007FCF44 /* Build configuration list for PBXProject "GONMarkupParserSample" */;
			compatibilityVersion = "Xcode 3.2";
			developmentRegion = English;
			hasScannedForEncodings = 0;
			knownRegions = (
				English,
				en,
				Base,
			);
			mainGroup = 5CE27144195B11E0007FCF44;
			productRefGroup = 5CE2714E195B11E0007FCF44 /* Products */;
			projectDirPath = "";
			projectRoot = "";
			targets = (
				5CE2714C195B11E0007FCF44 /* GONMarkupParserSample */,
				5CE2716D195B11E0007FCF44 /* GONMarkupParserSampleTests */,
			);
		};
/* End PBXProject section */

/* Begin PBXResourcesBuildPhase section */
		5CE2714B195B11E0007FCF44 /* Resources */ = {
			isa = PBXResourcesBuildPhase;
			buildActionMask = 2147483647;
			files = (
				5CE27169195B11E0007FCF44 /* Images.xcassets in Resources */,
				5C65F4051A1139CD005A76A3 /* PlaygroundViewController.xib in Resources */,
				5C4241B91C89995A00E5B289 /* lama.png in Resources */,
				5CB1C5A8195B3B7400590186 /* ComplexExample in Resources */,
				5C65F3FF1A1133F8005A76A3 /* SampleViewController.xib in Resources */,
				5C65F3F31A112EBE005A76A3 /* MainWindow.xib in Resources */,
				5CE2715B195B11E0007FCF44 /* InfoPlist.strings in Resources */,
				5C65F3F91A112F3A005A76A3 /* RootViewController.xib in Resources */,
				5C404BD01A1C951F007DCB2C /* DefaultConfigurationViewController.xib in Resources */,
				5C65F4071A1153A2005A76A3 /* ResultViewController.xib in Resources */,
				5C65F40D1A11FFFE005A76A3 /* ComplexExampleViewController.xib in Resources */,
				5C65F3F11A112231005A76A3 /* samples.plist in Resources */,
			);
			runOnlyForDeploymentPostprocessing = 0;
		};
		5CE2716C195B11E0007FCF44 /* Resources */ = {
			isa = PBXResourcesBuildPhase;
			buildActionMask = 2147483647;
			files = (
				5CE2717A195B11E0007FCF44 /* InfoPlist.strings in Resources */,
				5CB1C5A9195B3B7400590186 /* ComplexExample in Resources */,
			);
			runOnlyForDeploymentPostprocessing = 0;
		};
/* End PBXResourcesBuildPhase section */

/* Begin PBXShellScriptBuildPhase section */
		B83830F31A3AB66BEEB9D78B /* [CP] Embed Pods Frameworks */ = {
			isa = PBXShellScriptBuildPhase;
			buildActionMask = 2147483647;
			files = (
			);
			inputPaths = (
				"${PODS_ROOT}/Target Support Files/Pods-GONMarkupParserSample/Pods-GONMarkupParserSample-frameworks.sh",
				"${BUILT_PRODUCTS_DIR}/GONMarkupParser/GONMarkupParser.framework",
				"${BUILT_PRODUCTS_DIR}/NSString+Color/NSString_Color.framework",
			);
			name = "[CP] Embed Pods Frameworks";
			outputPaths = (
				"${TARGET_BUILD_DIR}/${FRAMEWORKS_FOLDER_PATH}/GONMarkupParser.framework",
				"${TARGET_BUILD_DIR}/${FRAMEWORKS_FOLDER_PATH}/NSString_Color.framework",
			);
			runOnlyForDeploymentPostprocessing = 0;
			shellPath = /bin/sh;
			shellScript = "\"${PODS_ROOT}/Target Support Files/Pods-GONMarkupParserSample/Pods-GONMarkupParserSample-frameworks.sh\"\n";
			showEnvVarsInLog = 0;
		};
		F5CFB22B9E5CC0864471E289 /* [CP] Check Pods Manifest.lock */ = {
			isa = PBXShellScriptBuildPhase;
			buildActionMask = 2147483647;
			files = (
			);
			inputFileListPaths = (
			);
			inputPaths = (
				"${PODS_PODFILE_DIR_PATH}/Podfile.lock",
				"${PODS_ROOT}/Manifest.lock",
			);
			name = "[CP] Check Pods Manifest.lock";
			outputFileListPaths = (
			);
			outputPaths = (
				"$(DERIVED_FILE_DIR)/Pods-GONMarkupParserSample-checkManifestLockResult.txt",
			);
			runOnlyForDeploymentPostprocessing = 0;
			shellPath = /bin/sh;
			shellScript = "diff \"${PODS_PODFILE_DIR_PATH}/Podfile.lock\" \"${PODS_ROOT}/Manifest.lock\" > /dev/null\nif [ $? != 0 ] ; then\n    # print error to STDERR\n    echo \"error: The sandbox is not in sync with the Podfile.lock. Run 'pod install' or update your CocoaPods installation.\" >&2\n    exit 1\nfi\n# This output is used by Xcode 'outputs' to avoid re-running this script phase.\necho \"SUCCESS\" > \"${SCRIPT_OUTPUT_FILE_0}\"\n";
			showEnvVarsInLog = 0;
		};
/* End PBXShellScriptBuildPhase section */

/* Begin PBXSourcesBuildPhase section */
		5CE27149195B11E0007FCF44 /* Sources */ = {
			isa = PBXSourcesBuildPhase;
			buildActionMask = 2147483647;
			files = (
				5C65F4041A1139CD005A76A3 /* PlaygroundViewController.m in Sources */,
				5C404BCC1A1C9115007DCB2C /* DefaultConfigurationViewController.m in Sources */,
				5C65F40B1A11FDB2005A76A3 /* ComplexExampleViewController.m in Sources */,
				5C65F3F81A112F3A005A76A3 /* RootViewController.m in Sources */,
				5CE27161195B11E0007FCF44 /* AppDelegate.m in Sources */,
				5CE2715D195B11E0007FCF44 /* main.m in Sources */,
				5CB1C580195B19C400590186 /* ResultViewController.m in Sources */,
				5C65F3FE1A1133F8005A76A3 /* SampleViewController.m in Sources */,
			);
			runOnlyForDeploymentPostprocessing = 0;
		};
		5CE2716A195B11E0007FCF44 /* Sources */ = {
			isa = PBXSourcesBuildPhase;
			buildActionMask = 2147483647;
			files = (
				5CE2717C195B11E0007FCF44 /* GONMarkupParserSampleTests.m in Sources */,
				5CB1C591195B250A00590186 /* AppDelegate.m in Sources */,
				5CB1C593195B250A00590186 /* ResultViewController.m in Sources */,
				5CB1C594195B250A00590186 /* main.m in Sources */,
			);
			runOnlyForDeploymentPostprocessing = 0;
		};
/* End PBXSourcesBuildPhase section */

/* Begin PBXTargetDependency section */
		5CE27174195B11E0007FCF44 /* PBXTargetDependency */ = {
			isa = PBXTargetDependency;
			target = 5CE2714C195B11E0007FCF44 /* GONMarkupParserSample */;
			targetProxy = 5CE27173195B11E0007FCF44 /* PBXContainerItemProxy */;
		};
/* End PBXTargetDependency section */

/* Begin PBXVariantGroup section */
		5CE27159195B11E0007FCF44 /* InfoPlist.strings */ = {
			isa = PBXVariantGroup;
			children = (
				5CE2715A195B11E0007FCF44 /* en */,
			);
			name = InfoPlist.strings;
			sourceTree = "<group>";
		};
		5CE27178195B11E0007FCF44 /* InfoPlist.strings */ = {
			isa = PBXVariantGroup;
			children = (
				5CE27179195B11E0007FCF44 /* en */,
			);
			name = InfoPlist.strings;
			sourceTree = "<group>";
		};
/* End PBXVariantGroup section */

/* Begin XCBuildConfiguration section */
		5CE2717D195B11E0007FCF44 /* Debug */ = {
			isa = XCBuildConfiguration;
			buildSettings = {
				ALWAYS_SEARCH_USER_PATHS = NO;
				CLANG_CXX_LANGUAGE_STANDARD = "gnu++0x";
				CLANG_CXX_LIBRARY = "libc++";
				CLANG_ENABLE_MODULES = YES;
				CLANG_ENABLE_OBJC_ARC = YES;
				CLANG_WARN_BOOL_CONVERSION = YES;
				CLANG_WARN_CONSTANT_CONVERSION = YES;
				CLANG_WARN_DIRECT_OBJC_ISA_USAGE = YES_ERROR;
				CLANG_WARN_EMPTY_BODY = YES;
				CLANG_WARN_ENUM_CONVERSION = YES;
				CLANG_WARN_INT_CONVERSION = YES;
				CLANG_WARN_OBJC_ROOT_CLASS = YES_ERROR;
				CLANG_WARN__DUPLICATE_METHOD_MATCH = YES;
				"CODE_SIGN_IDENTITY[sdk=iphoneos*]" = "iPhone Developer";
				COPY_PHASE_STRIP = NO;
				ENABLE_TESTABILITY = YES;
				GCC_C_LANGUAGE_STANDARD = gnu99;
				GCC_DYNAMIC_NO_PIC = NO;
				GCC_OPTIMIZATION_LEVEL = 0;
				GCC_PREPROCESSOR_DEFINITIONS = (
					"DEBUG=1",
					"$(inherited)",
				);
				GCC_SYMBOLS_PRIVATE_EXTERN = NO;
				GCC_WARN_64_TO_32_BIT_CONVERSION = YES;
				GCC_WARN_ABOUT_RETURN_TYPE = YES_ERROR;
				GCC_WARN_UNDECLARED_SELECTOR = YES;
				GCC_WARN_UNINITIALIZED_AUTOS = YES_AGGRESSIVE;
				GCC_WARN_UNUSED_FUNCTION = YES;
				GCC_WARN_UNUSED_VARIABLE = YES;
				IPHONEOS_DEPLOYMENT_TARGET = 9.0;
				ONLY_ACTIVE_ARCH = YES;
				SDKROOT = iphoneos;
			};
			name = Debug;
		};
		5CE2717E195B11E0007FCF44 /* Release */ = {
			isa = XCBuildConfiguration;
			buildSettings = {
				ALWAYS_SEARCH_USER_PATHS = NO;
				CLANG_CXX_LANGUAGE_STANDARD = "gnu++0x";
				CLANG_CXX_LIBRARY = "libc++";
				CLANG_ENABLE_MODULES = YES;
				CLANG_ENABLE_OBJC_ARC = YES;
				CLANG_WARN_BOOL_CONVERSION = YES;
				CLANG_WARN_CONSTANT_CONVERSION = YES;
				CLANG_WARN_DIRECT_OBJC_ISA_USAGE = YES_ERROR;
				CLANG_WARN_EMPTY_BODY = YES;
				CLANG_WARN_ENUM_CONVERSION = YES;
				CLANG_WARN_INT_CONVERSION = YES;
				CLANG_WARN_OBJC_ROOT_CLASS = YES_ERROR;
				CLANG_WARN__DUPLICATE_METHOD_MATCH = YES;
				"CODE_SIGN_IDENTITY[sdk=iphoneos*]" = "iPhone Developer";
				COPY_PHASE_STRIP = YES;
				ENABLE_NS_ASSERTIONS = NO;
				GCC_C_LANGUAGE_STANDARD = gnu99;
				GCC_WARN_64_TO_32_BIT_CONVERSION = YES;
				GCC_WARN_ABOUT_RETURN_TYPE = YES_ERROR;
				GCC_WARN_UNDECLARED_SELECTOR = YES;
				GCC_WARN_UNINITIALIZED_AUTOS = YES_AGGRESSIVE;
				GCC_WARN_UNUSED_FUNCTION = YES;
				GCC_WARN_UNUSED_VARIABLE = YES;
				IPHONEOS_DEPLOYMENT_TARGET = 9.0;
				SDKROOT = iphoneos;
				VALIDATE_PRODUCT = YES;
			};
			name = Release;
		};
		5CE27180195B11E0007FCF44 /* Debug */ = {
			isa = XCBuildConfiguration;
			baseConfigurationReference = 3D08B2B80A87935CF16E697B /* Pods-GONMarkupParserSample.debug.xcconfig */;
			buildSettings = {
				ASSETCATALOG_COMPILER_APPICON_NAME = AppIcon;
				ASSETCATALOG_COMPILER_LAUNCHIMAGE_NAME = LaunchImage;
				FRAMEWORK_SEARCH_PATHS = (
					"$(inherited)",
					"$(PROJECT_DIR)",
				);
				GCC_PRECOMPILE_PREFIX_HEADER = YES;
				GCC_PREFIX_HEADER = "GONMarkupParserSample/GONMarkupParserSample-Prefix.pch";
				INFOPLIST_FILE = "GONMarkupParserSample/GONMarkupParserSample-Info.plist";
				PRODUCT_BUNDLE_IDENTIFIER = "com.nicolasgoutaland.${PRODUCT_NAME:rfc1034identifier}";
				PRODUCT_NAME = "$(TARGET_NAME)";
				WRAPPER_EXTENSION = app;
			};
			name = Debug;
		};
		5CE27181195B11E0007FCF44 /* Release */ = {
			isa = XCBuildConfiguration;
			baseConfigurationReference = 5F22B7317D972553BD1D90B0 /* Pods-GONMarkupParserSample.release.xcconfig */;
			buildSettings = {
				ASSETCATALOG_COMPILER_APPICON_NAME = AppIcon;
				ASSETCATALOG_COMPILER_LAUNCHIMAGE_NAME = LaunchImage;
				FRAMEWORK_SEARCH_PATHS = (
					"$(inherited)",
					"$(PROJECT_DIR)",
				);
				GCC_PRECOMPILE_PREFIX_HEADER = YES;
				GCC_PREFIX_HEADER = "GONMarkupParserSample/GONMarkupParserSample-Prefix.pch";
				INFOPLIST_FILE = "GONMarkupParserSample/GONMarkupParserSample-Info.plist";
				PRODUCT_BUNDLE_IDENTIFIER = "com.nicolasgoutaland.${PRODUCT_NAME:rfc1034identifier}";
				PRODUCT_NAME = "$(TARGET_NAME)";
				WRAPPER_EXTENSION = app;
			};
			name = Release;
		};
		5CE27183195B11E0007FCF44 /* Debug */ = {
			isa = XCBuildConfiguration;
			buildSettings = {
				BUNDLE_LOADER = "$(BUILT_PRODUCTS_DIR)/GONMarkupParserSample.app/GONMarkupParserSample";
				FRAMEWORK_SEARCH_PATHS = (
					"$(SDKROOT)/Developer/Library/Frameworks",
					"$(inherited)",
					"$(DEVELOPER_FRAMEWORKS_DIR)",
				);
				GCC_PRECOMPILE_PREFIX_HEADER = YES;
				GCC_PREFIX_HEADER = "GONMarkupParserSample/GONMarkupParserSample-Prefix.pch";
				GCC_PREPROCESSOR_DEFINITIONS = (
					"DEBUG=1",
					"$(inherited)",
				);
				INFOPLIST_FILE = "GONMarkupParserSampleTests/GONMarkupParserSampleTests-Info.plist";
				PRODUCT_BUNDLE_IDENTIFIER = "com.nicolasgoutaland.${PRODUCT_NAME:rfc1034identifier}";
				PRODUCT_NAME = "$(TARGET_NAME)";
				TEST_HOST = "$(BUNDLE_LOADER)";
				WRAPPER_EXTENSION = xctest;
			};
			name = Debug;
		};
		5CE27184195B11E0007FCF44 /* Release */ = {
			isa = XCBuildConfiguration;
			buildSettings = {
				BUNDLE_LOADER = "$(BUILT_PRODUCTS_DIR)/GONMarkupParserSample.app/GONMarkupParserSample";
				FRAMEWORK_SEARCH_PATHS = (
					"$(SDKROOT)/Developer/Library/Frameworks",
					"$(inherited)",
					"$(DEVELOPER_FRAMEWORKS_DIR)",
				);
				GCC_PRECOMPILE_PREFIX_HEADER = YES;
				GCC_PREFIX_HEADER = "GONMarkupParserSample/GONMarkupParserSample-Prefix.pch";
				INFOPLIST_FILE = "GONMarkupParserSampleTests/GONMarkupParserSampleTests-Info.plist";
				PRODUCT_BUNDLE_IDENTIFIER = "com.nicolasgoutaland.${PRODUCT_NAME:rfc1034identifier}";
				PRODUCT_NAME = "$(TARGET_NAME)";
				TEST_HOST = "$(BUNDLE_LOADER)";
				WRAPPER_EXTENSION = xctest;
			};
			name = Release;
		};
/* End XCBuildConfiguration section */

/* Begin XCConfigurationList section */
		5CE27148195B11E0007FCF44 /* Build configuration list for PBXProject "GONMarkupParserSample" */ = {
			isa = XCConfigurationList;
			buildConfigurations = (
				5CE2717D195B11E0007FCF44 /* Debug */,
				5CE2717E195B11E0007FCF44 /* Release */,
			);
			defaultConfigurationIsVisible = 0;
			defaultConfigurationName = Release;
		};
		5CE2717F195B11E0007FCF44 /* Build configuration list for PBXNativeTarget "GONMarkupParserSample" */ = {
			isa = XCConfigurationList;
			buildConfigurations = (
				5CE27180195B11E0007FCF44 /* Debug */,
				5CE27181195B11E0007FCF44 /* Release */,
			);
			defaultConfigurationIsVisible = 0;
			defaultConfigurationName = Release;
		};
		5CE27182195B11E0007FCF44 /* Build configuration list for PBXNativeTarget "GONMarkupParserSampleTests" */ = {
			isa = XCConfigurationList;
			buildConfigurations = (
				5CE27183195B11E0007FCF44 /* Debug */,
				5CE27184195B11E0007FCF44 /* Release */,
			);
			defaultConfigurationIsVisible = 0;
			defaultConfigurationName = Release;
		};
/* End XCConfigurationList section */
	};
	rootObject = 5CE27145195B11E0007FCF44 /* Project object */;
}
